// !$*UTF8*$!
{
	archiveVersion = 1;
	classes = {
	};
	objectVersion = 46;
	objects = {

/* Begin PBXBuildFile section */
		234D68F915896455001CC9D1 /* UIKit.framework in Frameworks */ = {isa = PBXBuildFile; fileRef = 234D68F815896455001CC9D1 /* UIKit.framework */; };
		234D68FB15896455001CC9D1 /* Foundation.framework in Frameworks */ = {isa = PBXBuildFile; fileRef = 234D68FA15896455001CC9D1 /* Foundation.framework */; };
		234D68FD15896455001CC9D1 /* CoreGraphics.framework in Frameworks */ = {isa = PBXBuildFile; fileRef = 234D68FC15896455001CC9D1 /* CoreGraphics.framework */; };
		234D690315896455001CC9D1 /* InfoPlist.strings in Resources */ = {isa = PBXBuildFile; fileRef = 234D690115896455001CC9D1 /* InfoPlist.strings */; };
		234D690515896455001CC9D1 /* main.m in Sources */ = {isa = PBXBuildFile; fileRef = 234D690415896455001CC9D1 /* main.m */; };
		234D690915896455001CC9D1 /* FlictorAppDelegate.m in Sources */ = {isa = PBXBuildFile; fileRef = 234D690815896455001CC9D1 /* FlictorAppDelegate.m */; };
		234D690C15896455001CC9D1 /* iPhone.storyboard in Resources */ = {isa = PBXBuildFile; fileRef = 234D690A15896455001CC9D1 /* iPhone.storyboard */; };
		234D690F15896455001CC9D1 /* iPad.storyboard in Resources */ = {isa = PBXBuildFile; fileRef = 234D690D15896455001CC9D1 /* iPad.storyboard */; };
		234D691215896455001CC9D1 /* FlictorViewController.m in Sources */ = {isa = PBXBuildFile; fileRef = 234D691115896455001CC9D1 /* FlictorViewController.m */; };
/* End PBXBuildFile section */

/* Begin PBXFileReference section */
		234D68F415896455001CC9D1 /* Flictor.app */ = {isa = PBXFileReference; explicitFileType = wrapper.application; includeInIndex = 0; path = Flictor.app; sourceTree = BUILT_PRODUCTS_DIR; };
		234D68F815896455001CC9D1 /* UIKit.framework */ = {isa = PBXFileReference; lastKnownFileType = wrapper.framework; name = UIKit.framework; path = System/Library/Frameworks/UIKit.framework; sourceTree = SDKROOT; };
		234D68FA15896455001CC9D1 /* Foundation.framework */ = {isa = PBXFileReference; lastKnownFileType = wrapper.framework; name = Foundation.framework; path = System/Library/Frameworks/Foundation.framework; sourceTree = SDKROOT; };
		234D68FC15896455001CC9D1 /* CoreGraphics.framework */ = {isa = PBXFileReference; lastKnownFileType = wrapper.framework; name = CoreGraphics.framework; path = System/Library/Frameworks/CoreGraphics.framework; sourceTree = SDKROOT; };
		234D690015896455001CC9D1 /* Flictor-Info.plist */ = {isa = PBXFileReference; lastKnownFileType = text.plist.xml; path = "Flictor-Info.plist"; sourceTree = "<group>"; };
		234D690215896455001CC9D1 /* en */ = {isa = PBXFileReference; lastKnownFileType = text.plist.strings; name = en; path = en.lproj/InfoPlist.strings; sourceTree = "<group>"; };
		234D690415896455001CC9D1 /* main.m */ = {isa = PBXFileReference; lastKnownFileType = sourcecode.c.objc; path = main.m; sourceTree = "<group>"; };
		234D690615896455001CC9D1 /* Flictor-Prefix.pch */ = {isa = PBXFileReference; lastKnownFileType = sourcecode.c.h; path = "Flictor-Prefix.pch"; sourceTree = "<group>"; };
		234D690715896455001CC9D1 /* FlictorAppDelegate.h */ = {isa = PBXFileReference; lastKnownFileType = sourcecode.c.h; path = FlictorAppDelegate.h; sourceTree = "<group>"; };
		234D690815896455001CC9D1 /* FlictorAppDelegate.m */ = {isa = PBXFileReference; lastKnownFileType = sourcecode.c.objc; path = FlictorAppDelegate.m; sourceTree = "<group>"; };
		234D690B15896455001CC9D1 /* en */ = {isa = PBXFileReference; lastKnownFileType = file.storyboard; name = en; path = en.lproj/iPhone.storyboard; sourceTree = "<group>"; };
		234D690E15896455001CC9D1 /* en */ = {isa = PBXFileReference; lastKnownFileType = file.storyboard; name = en; path = en.lproj/iPad.storyboard; sourceTree = "<group>"; };
		234D691015896455001CC9D1 /* FlictorViewController.h */ = {isa = PBXFileReference; lastKnownFileType = sourcecode.c.h; path = FlictorViewController.h; sourceTree = "<group>"; };
		234D691115896455001CC9D1 /* FlictorViewController.m */ = {isa = PBXFileReference; lastKnownFileType = sourcecode.c.objc; path = FlictorViewController.m; sourceTree = "<group>"; };
		234D691915896484001CC9D1 /* FlickrAPIKey.h */ = {isa = PBXFileReference; lastKnownFileType = sourcecode.c.h; path = FlickrAPIKey.h; sourceTree = "<group>"; };
		234D691A15896484001CC9D1 /* FlickrFetcher.h */ = {isa = PBXFileReference; lastKnownFileType = sourcecode.c.h; path = FlickrFetcher.h; sourceTree = "<group>"; };
		234D691B15896484001CC9D1 /* FlickrFetcher.m */ = {isa = PBXFileReference; lastKnownFileType = sourcecode.c.objc; path = FlickrFetcher.m; sourceTree = "<group>"; };
/* End PBXFileReference section */

/* Begin PBXFrameworksBuildPhase section */
		234D68F115896455001CC9D1 /* Frameworks */ = {
			isa = PBXFrameworksBuildPhase;
			buildActionMask = 2147483647;
			files = (
				234D68F915896455001CC9D1 /* UIKit.framework in Frameworks */,
				234D68FB15896455001CC9D1 /* Foundation.framework in Frameworks */,
				234D68FD15896455001CC9D1 /* CoreGraphics.framework in Frameworks */,
			);
			runOnlyForDeploymentPostprocessing = 0;
		};
/* End PBXFrameworksBuildPhase section */

/* Begin PBXGroup section */
		234D68E915896455001CC9D1 = {
			isa = PBXGroup;
			children = (
				234D68FE15896455001CC9D1 /* Flictor */,
				234D68F715896455001CC9D1 /* Frameworks */,
				234D68F515896455001CC9D1 /* Products */,
			);
			sourceTree = "<group>";
		};
		234D68F515896455001CC9D1 /* Products */ = {
			isa = PBXGroup;
			children = (
				234D68F415896455001CC9D1 /* Flictor.app */,
			);
			name = Products;
			sourceTree = "<group>";
		};
		234D68F715896455001CC9D1 /* Frameworks */ = {
			isa = PBXGroup;
			children = (
				234D68F815896455001CC9D1 /* UIKit.framework */,
				234D68FA15896455001CC9D1 /* Foundation.framework */,
				234D68FC15896455001CC9D1 /* CoreGraphics.framework */,
			);
			name = Frameworks;
			sourceTree = "<group>";
		};
		234D68FE15896455001CC9D1 /* Flictor */ = {
			isa = PBXGroup;
			children = (
				234D691815896469001CC9D1 /* Flicker */,
				234D690715896455001CC9D1 /* FlictorAppDelegate.h */,
				234D690815896455001CC9D1 /* FlictorAppDelegate.m */,
				234D690A15896455001CC9D1 /* iPhone.storyboard */,
				234D690D15896455001CC9D1 /* iPad.storyboard */,
				234D691015896455001CC9D1 /* FlictorViewController.h */,
				234D691115896455001CC9D1 /* FlictorViewController.m */,
				234D68FF15896455001CC9D1 /* Supporting Files */,
			);
			path = Flictor;
			sourceTree = "<group>";
		};
		234D68FF15896455001CC9D1 /* Supporting Files */ = {
			isa = PBXGroup;
			children = (
				234D690015896455001CC9D1 /* Flictor-Info.plist */,
				234D690115896455001CC9D1 /* InfoPlist.strings */,
				234D690415896455001CC9D1 /* main.m */,
				234D690615896455001CC9D1 /* Flictor-Prefix.pch */,
			);
			name = "Supporting Files";
			sourceTree = "<group>";
		};
		234D691815896469001CC9D1 /* Flicker */ = {
			isa = PBXGroup;
			children = (
				234D691915896484001CC9D1 /* FlickrAPIKey.h */,
				234D691A15896484001CC9D1 /* FlickrFetcher.h */,
				234D691B15896484001CC9D1 /* FlickrFetcher.m */,
			);
			name = Flicker;
			sourceTree = "<group>";
		};
/* End PBXGroup section */

/* Begin PBXNativeTarget section */
		234D68F315896455001CC9D1 /* Flictor */ = {
			isa = PBXNativeTarget;
			buildConfigurationList = 234D691515896455001CC9D1 /* Build configuration list for PBXNativeTarget "Flictor" */;
			buildPhases = (
				234D68F015896455001CC9D1 /* Sources */,
				234D68F115896455001CC9D1 /* Frameworks */,
				234D68F215896455001CC9D1 /* Resources */,
			);
			buildRules = (
			);
			dependencies = (
			);
			name = Flictor;
			productName = Flictor;
			productReference = 234D68F415896455001CC9D1 /* Flictor.app */;
			productType = "com.apple.product-type.application";
		};
/* End PBXNativeTarget section */

/* Begin PBXProject section */
		234D68EB15896455001CC9D1 /* Project object */ = {
			isa = PBXProject;
			attributes = {
				CLASSPREFIX = Flictor;
				LastUpgradeCheck = 0430;
				ORGANIZATIONNAME = CyberSecure;
			};
			buildConfigurationList = 234D68EE15896455001CC9D1 /* Build configuration list for PBXProject "Flictor" */;
			compatibilityVersion = "Xcode 3.2";
			developmentRegion = English;
			hasScannedForEncodings = 0;
			knownRegions = (
				en,
			);
			mainGroup = 234D68E915896455001CC9D1;
			productRefGroup = 234D68F515896455001CC9D1 /* Products */;
			projectDirPath = "";
			projectRoot = "";
			targets = (
				234D68F315896455001CC9D1 /* Flictor */,
			);
		};
/* End PBXProject section */

/* Begin PBXResourcesBuildPhase section */
		234D68F215896455001CC9D1 /* Resources */ = {
			isa = PBXResourcesBuildPhase;
			buildActionMask = 2147483647;
			files = (
				234D690315896455001CC9D1 /* InfoPlist.strings in Resources */,
				234D690C15896455001CC9D1 /* iPhone.storyboard in Resources */,
				234D690F15896455001CC9D1 /* iPad.storyboard in Resources */,
			);
			runOnlyForDeploymentPostprocessing = 0;
		};
/* End PBXResourcesBuildPhase section */

/* Begin PBXSourcesBuildPhase section */
		234D68F015896455001CC9D1 /* Sources */ = {
			isa = PBXSourcesBuildPhase;
			buildActionMask = 2147483647;
			files = (
				234D690515896455001CC9D1 /* main.m in Sources */,
				234D690915896455001CC9D1 /* FlictorAppDelegate.m in Sources */,
				234D691215896455001CC9D1 /* FlictorViewController.m in Sources */,
			);
			runOnlyForDeploymentPostprocessing = 0;
		};
/* End PBXSourcesBuildPhase section */

/* Begin PBXVariantGroup section */
		234D690115896455001CC9D1 /* InfoPlist.strings */ = {
			isa = PBXVariantGroup;
			children = (
				234D690215896455001CC9D1 /* en */,
			);
			name = InfoPlist.strings;
			sourceTree = "<group>";
		};
		234D690A15896455001CC9D1 /* iPhone.storyboard */ = {
			isa = PBXVariantGroup;
			children = (
				234D690B15896455001CC9D1 /* en */,
			);
			name = iPhone.storyboard;
			sourceTree = "<group>";
		};
		234D690D15896455001CC9D1 /* iPad.storyboard */ = {
			isa = PBXVariantGroup;
			children = (
				234D690E15896455001CC9D1 /* en */,
			);
			name = iPad.storyboard;
			sourceTree = "<group>";
		};
/* End PBXVariantGroup section */

/* Begin XCBuildConfiguration section */
		234D691315896455001CC9D1 /* Debug */ = {
			isa = XCBuildConfiguration;
			buildSettings = {
				ALWAYS_SEARCH_USER_PATHS = NO;
				ARCHS = "$(ARCHS_STANDARD_32_BIT)";
				CLANG_ENABLE_OBJC_ARC = YES;
				"CODE_SIGN_IDENTITY[sdk=iphoneos*]" = "iPhone Developer";
				COPY_PHASE_STRIP = NO;
				GCC_C_LANGUAGE_STANDARD = gnu99;
				GCC_DYNAMIC_NO_PIC = NO;
				GCC_OPTIMIZATION_LEVEL = 0;
				GCC_PREPROCESSOR_DEFINITIONS = (
					"DEBUG=1",
					"$(inherited)",
				);
				GCC_SYMBOLS_PRIVATE_EXTERN = NO;
				GCC_VERSION = com.apple.compilers.llvm.clang.1_0;
				GCC_WARN_ABOUT_RETURN_TYPE = YES;
				GCC_WARN_UNINITIALIZED_AUTOS = YES;
				GCC_WARN_UNUSED_VARIABLE = YES;
				IPHONEOS_DEPLOYMENT_TARGET = 5.1;
				SDKROOT = iphoneos;
				TARGETED_DEVICE_FAMILY = "1,2";
			};
			name = Debug;
		};
		234D691415896455001CC9D1 /* Release */ = {
			isa = XCBuildConfiguration;
			buildSettings = {
				ALWAYS_SEARCH_USER_PATHS = NO;
				ARCHS = "$(ARCHS_STANDARD_32_BIT)";
				CLANG_ENABLE_OBJC_ARC = YES;
				"CODE_SIGN_IDENTITY[sdk=iphoneos*]" = "iPhone Developer";
				COPY_PHASE_STRIP = YES;
				GCC_C_LANGUAGE_STANDARD = gnu99;
				GCC_VERSION = com.apple.compilers.llvm.clang.1_0;
				GCC_WARN_ABOUT_RETURN_TYPE = YES;
				GCC_WARN_UNINITIALIZED_AUTOS = YES;
				GCC_WARN_UNUSED_VARIABLE = YES;
				IPHONEOS_DEPLOYMENT_TARGET = 5.1;
				OTHER_CFLAGS = "-DNS_BLOCK_ASSERTIONS=1";
				SDKROOT = iphoneos;
				TARGETED_DEVICE_FAMILY = "1,2";
				VALIDATE_PRODUCT = YES;
			};
			name = Release;
		};
		234D691615896455001CC9D1 /* Debug */ = {
			isa = XCBuildConfiguration;
			buildSettings = {
				GCC_PRECOMPILE_PREFIX_HEADER = YES;
				GCC_PREFIX_HEADER = "Flictor/Flictor-Prefix.pch";
				INFOPLIST_FILE = "Flictor/Flictor-Info.plist";
				PRODUCT_NAME = "$(TARGET_NAME)";
				WRAPPER_EXTENSION = app;
			};
			name = Debug;
		};
		234D691715896455001CC9D1 /* Release */ = {
			isa = XCBuildConfiguration;
			buildSettings = {
				GCC_PRECOMPILE_PREFIX_HEADER = YES;
				GCC_PREFIX_HEADER = "Flictor/Flictor-Prefix.pch";
				INFOPLIST_FILE = "Flictor/Flictor-Info.plist";
				PRODUCT_NAME = "$(TARGET_NAME)";
				WRAPPER_EXTENSION = app;
			};
			name = Release;
		};
/* End XCBuildConfiguration section */

/* Begin XCConfigurationList section */
		234D68EE15896455001CC9D1 /* Build configuration list for PBXProject "Flictor" */ = {
			isa = XCConfigurationList;
			buildConfigurations = (
				234D691315896455001CC9D1 /* Debug */,
				234D691415896455001CC9D1 /* Release */,
			);
			defaultConfigurationIsVisible = 0;
			defaultConfigurationName = Release;
		};
		234D691515896455001CC9D1 /* Build configuration list for PBXNativeTarget "Flictor" */ = {
			isa = XCConfigurationList;
			buildConfigurations = (
				234D691615896455001CC9D1 /* Debug */,
				234D691715896455001CC9D1 /* Release */,
			);
			defaultConfigurationIsVisible = 0;
		};
/* End XCConfigurationList section */
	};
	rootObject = 234D68EB15896455001CC9D1 /* Project object */;
}
