// !$*UTF8*$!
{
	archiveVersion = 1;
	classes = {
	};
	objectVersion = 46;
	objects = {

/* Begin PBXBuildFile section */
		23162A59158C5A5C0080BE94 /* UIKit.framework in Frameworks */ = {isa = PBXBuildFile; fileRef = 23162A58158C5A5C0080BE94 /* UIKit.framework */; };
		23162A5B158C5A5C0080BE94 /* Foundation.framework in Frameworks */ = {isa = PBXBuildFile; fileRef = 23162A5A158C5A5C0080BE94 /* Foundation.framework */; };
		23162A5D158C5A5C0080BE94 /* CoreGraphics.framework in Frameworks */ = {isa = PBXBuildFile; fileRef = 23162A5C158C5A5C0080BE94 /* CoreGraphics.framework */; };
		23162A63158C5A5C0080BE94 /* InfoPlist.strings in Resources */ = {isa = PBXBuildFile; fileRef = 23162A61158C5A5C0080BE94 /* InfoPlist.strings */; };
		23162A65158C5A5C0080BE94 /* main.m in Sources */ = {isa = PBXBuildFile; fileRef = 23162A64158C5A5C0080BE94 /* main.m */; };
		23162A69158C5A5C0080BE94 /* AppDelegate.m in Sources */ = {isa = PBXBuildFile; fileRef = 23162A68158C5A5C0080BE94 /* AppDelegate.m */; };
		23162A6C158C5A5C0080BE94 /* iPhone.storyboard in Resources */ = {isa = PBXBuildFile; fileRef = 23162A6A158C5A5C0080BE94 /* iPhone.storyboard */; };
		23162A6F158C5A5C0080BE94 /* iPad.storyboard in Resources */ = {isa = PBXBuildFile; fileRef = 23162A6D158C5A5C0080BE94 /* iPad.storyboard */; };
		23162A7B158C5AD90080BE94 /* FlickrFetcher.m in Sources */ = {isa = PBXBuildFile; fileRef = 23162A7A158C5AD90080BE94 /* FlickrFetcher.m */; };
		23162A7E158C5BAA0080BE94 /* FlictorTableViewController.m in Sources */ = {isa = PBXBuildFile; fileRef = 23162A7D158C5BAA0080BE94 /* FlictorTableViewController.m */; };
		23162A87158C7F910080BE94 /* 28-star.png in Resources */ = {isa = PBXBuildFile; fileRef = 23162A86158C7F910080BE94 /* 28-star.png */; };
		23162A89158C7FAC0080BE94 /* 29-heart.png in Resources */ = {isa = PBXBuildFile; fileRef = 23162A88158C7FAC0080BE94 /* 29-heart.png */; };
		23162A8B158C7FB60080BE94 /* 42-photos.png in Resources */ = {isa = PBXBuildFile; fileRef = 23162A8A158C7FB60080BE94 /* 42-photos.png */; };
		23162A92158C8A3E0080BE94 /* ImageTableViewController.m in Sources */ = {isa = PBXBuildFile; fileRef = 23162A91158C8A3E0080BE94 /* ImageTableViewController.m */; };
		237777C4158CE1CF00B17A3A /* ImageViewController.m in Sources */ = {isa = PBXBuildFile; fileRef = 237777C3158CE1CF00B17A3A /* ImageViewController.m */; };
/* End PBXBuildFile section */

/* Begin PBXFileReference section */
		23162A54158C5A5C0080BE94 /* Flictor.app */ = {isa = PBXFileReference; explicitFileType = wrapper.application; includeInIndex = 0; path = Flictor.app; sourceTree = BUILT_PRODUCTS_DIR; };
		23162A58158C5A5C0080BE94 /* UIKit.framework */ = {isa = PBXFileReference; lastKnownFileType = wrapper.framework; name = UIKit.framework; path = System/Library/Frameworks/UIKit.framework; sourceTree = SDKROOT; };
		23162A5A158C5A5C0080BE94 /* Foundation.framework */ = {isa = PBXFileReference; lastKnownFileType = wrapper.framework; name = Foundation.framework; path = System/Library/Frameworks/Foundation.framework; sourceTree = SDKROOT; };
		23162A5C158C5A5C0080BE94 /* CoreGraphics.framework */ = {isa = PBXFileReference; lastKnownFileType = wrapper.framework; name = CoreGraphics.framework; path = System/Library/Frameworks/CoreGraphics.framework; sourceTree = SDKROOT; };
		23162A60158C5A5C0080BE94 /* Flictor-Info.plist */ = {isa = PBXFileReference; lastKnownFileType = text.plist.xml; path = "Flictor-Info.plist"; sourceTree = "<group>"; };
		23162A62158C5A5C0080BE94 /* en */ = {isa = PBXFileReference; lastKnownFileType = text.plist.strings; name = en; path = en.lproj/InfoPlist.strings; sourceTree = "<group>"; };
		23162A64158C5A5C0080BE94 /* main.m */ = {isa = PBXFileReference; lastKnownFileType = sourcecode.c.objc; path = main.m; sourceTree = "<group>"; };
		23162A66158C5A5C0080BE94 /* Flictor-Prefix.pch */ = {isa = PBXFileReference; lastKnownFileType = sourcecode.c.h; path = "Flictor-Prefix.pch"; sourceTree = "<group>"; };
		23162A67158C5A5C0080BE94 /* AppDelegate.h */ = {isa = PBXFileReference; lastKnownFileType = sourcecode.c.h; path = AppDelegate.h; sourceTree = "<group>"; };
		23162A68158C5A5C0080BE94 /* AppDelegate.m */ = {isa = PBXFileReference; lastKnownFileType = sourcecode.c.objc; path = AppDelegate.m; sourceTree = "<group>"; };
		23162A6B158C5A5C0080BE94 /* en */ = {isa = PBXFileReference; lastKnownFileType = file.storyboard; name = en; path = en.lproj/iPhone.storyboard; sourceTree = "<group>"; };
		23162A6E158C5A5C0080BE94 /* en */ = {isa = PBXFileReference; lastKnownFileType = file.storyboard; name = en; path = en.lproj/iPad.storyboard; sourceTree = "<group>"; };
		23162A78158C5AD90080BE94 /* FlickrAPIKey.h */ = {isa = PBXFileReference; fileEncoding = 4; lastKnownFileType = sourcecode.c.h; path = FlickrAPIKey.h; sourceTree = "<group>"; };
		23162A79158C5AD90080BE94 /* FlickrFetcher.h */ = {isa = PBXFileReference; fileEncoding = 4; lastKnownFileType = sourcecode.c.h; path = FlickrFetcher.h; sourceTree = "<group>"; };
		23162A7A158C5AD90080BE94 /* FlickrFetcher.m */ = {isa = PBXFileReference; fileEncoding = 4; lastKnownFileType = sourcecode.c.objc; path = FlickrFetcher.m; sourceTree = "<group>"; };
		23162A7C158C5BAA0080BE94 /* FlictorTableViewController.h */ = {isa = PBXFileReference; fileEncoding = 4; lastKnownFileType = sourcecode.c.h; path = FlictorTableViewController.h; sourceTree = "<group>"; };
		23162A7D158C5BAA0080BE94 /* FlictorTableViewController.m */ = {isa = PBXFileReference; fileEncoding = 4; lastKnownFileType = sourcecode.c.objc; path = FlictorTableViewController.m; sourceTree = "<group>"; };
		23162A86158C7F910080BE94 /* 28-star.png */ = {isa = PBXFileReference; lastKnownFileType = image.png; path = "28-star.png"; sourceTree = "<group>"; };
		23162A88158C7FAC0080BE94 /* 29-heart.png */ = {isa = PBXFileReference; lastKnownFileType = image.png; path = "29-heart.png"; sourceTree = "<group>"; };
		23162A8A158C7FB60080BE94 /* 42-photos.png */ = {isa = PBXFileReference; lastKnownFileType = image.png; name = "42-photos.png"; path = "../42-photos.png"; sourceTree = "<group>"; };
		23162A90158C8A3E0080BE94 /* ImageTableViewController.h */ = {isa = PBXFileReference; fileEncoding = 4; lastKnownFileType = sourcecode.c.h; path = ImageTableViewController.h; sourceTree = "<group>"; };
		23162A91158C8A3E0080BE94 /* ImageTableViewController.m */ = {isa = PBXFileReference; fileEncoding = 4; lastKnownFileType = sourcecode.c.objc; path = ImageTableViewController.m; sourceTree = "<group>"; };
		237777C2158CE1CF00B17A3A /* ImageViewController.h */ = {isa = PBXFileReference; fileEncoding = 4; lastKnownFileType = sourcecode.c.h; path = ImageViewController.h; sourceTree = "<group>"; };
		237777C3158CE1CF00B17A3A /* ImageViewController.m */ = {isa = PBXFileReference; fileEncoding = 4; lastKnownFileType = sourcecode.c.objc; path = ImageViewController.m; sourceTree = "<group>"; };
/* End PBXFileReference section */

/* Begin PBXFrameworksBuildPhase section */
		23162A51158C5A5C0080BE94 /* Frameworks */ = {
			isa = PBXFrameworksBuildPhase;
			buildActionMask = 2147483647;
			files = (
				23162A59158C5A5C0080BE94 /* UIKit.framework in Frameworks */,
				23162A5B158C5A5C0080BE94 /* Foundation.framework in Frameworks */,
				23162A5D158C5A5C0080BE94 /* CoreGraphics.framework in Frameworks */,
			);
			runOnlyForDeploymentPostprocessing = 0;
		};
/* End PBXFrameworksBuildPhase section */

/* Begin PBXGroup section */
		23162A49158C5A5C0080BE94 = {
			isa = PBXGroup;
			children = (
				23162A5E158C5A5C0080BE94 /* Flictor */,
				23162A57158C5A5C0080BE94 /* Frameworks */,
				23162A55158C5A5C0080BE94 /* Products */,
			);
			sourceTree = "<group>";
		};
		23162A55158C5A5C0080BE94 /* Products */ = {
			isa = PBXGroup;
			children = (
				23162A54158C5A5C0080BE94 /* Flictor.app */,
			);
			name = Products;
			sourceTree = "<group>";
		};
		23162A57158C5A5C0080BE94 /* Frameworks */ = {
			isa = PBXGroup;
			children = (
				23162A58158C5A5C0080BE94 /* UIKit.framework */,
				23162A5A158C5A5C0080BE94 /* Foundation.framework */,
				23162A5C158C5A5C0080BE94 /* CoreGraphics.framework */,
			);
			name = Frameworks;
			sourceTree = "<group>";
		};
		23162A5E158C5A5C0080BE94 /* Flictor */ = {
			isa = PBXGroup;
			children = (
				23162A90158C8A3E0080BE94 /* ImageTableViewController.h */,
				23162A91158C8A3E0080BE94 /* ImageTableViewController.m */,
				23162A8F158C82ED0080BE94 /* icons */,
				23162A78158C5AD90080BE94 /* FlickrAPIKey.h */,
				23162A7C158C5BAA0080BE94 /* FlictorTableViewController.h */,
				23162A7D158C5BAA0080BE94 /* FlictorTableViewController.m */,
				23162A79158C5AD90080BE94 /* FlickrFetcher.h */,
				23162A7A158C5AD90080BE94 /* FlickrFetcher.m */,
				23162A6A158C5A5C0080BE94 /* iPhone.storyboard */,
				23162A6D158C5A5C0080BE94 /* iPad.storyboard */,
				23162A5F158C5A5C0080BE94 /* Supporting Files */,
				237777C2158CE1CF00B17A3A /* ImageViewController.h */,
				237777C3158CE1CF00B17A3A /* ImageViewController.m */,
			);
			path = Flictor;
			sourceTree = "<group>";
		};
		23162A5F158C5A5C0080BE94 /* Supporting Files */ = {
			isa = PBXGroup;
			children = (
				23162A67158C5A5C0080BE94 /* AppDelegate.h */,
				23162A68158C5A5C0080BE94 /* AppDelegate.m */,
				23162A60158C5A5C0080BE94 /* Flictor-Info.plist */,
				23162A61158C5A5C0080BE94 /* InfoPlist.strings */,
				23162A64158C5A5C0080BE94 /* main.m */,
				23162A66158C5A5C0080BE94 /* Flictor-Prefix.pch */,
			);
			name = "Supporting Files";
			sourceTree = "<group>";
		};
		23162A8F158C82ED0080BE94 /* icons */ = {
			isa = PBXGroup;
			children = (
				23162A88158C7FAC0080BE94 /* 29-heart.png */,
				23162A86158C7F910080BE94 /* 28-star.png */,
				23162A8A158C7FB60080BE94 /* 42-photos.png */,
			);
			name = icons;
			sourceTree = "<group>";
		};
/* End PBXGroup section */

/* Begin PBXNativeTarget section */
		23162A53158C5A5C0080BE94 /* Flictor */ = {
			isa = PBXNativeTarget;
			buildConfigurationList = 23162A75158C5A5C0080BE94 /* Build configuration list for PBXNativeTarget "Flictor" */;
			buildPhases = (
				23162A50158C5A5C0080BE94 /* Sources */,
				23162A51158C5A5C0080BE94 /* Frameworks */,
				23162A52158C5A5C0080BE94 /* Resources */,
			);
			buildRules = (
			);
			dependencies = (
			);
			name = Flictor;
			productName = Flictor;
			productReference = 23162A54158C5A5C0080BE94 /* Flictor.app */;
			productType = "com.apple.product-type.application";
		};
/* End PBXNativeTarget section */

/* Begin PBXProject section */
		23162A4B158C5A5C0080BE94 /* Project object */ = {
			isa = PBXProject;
			attributes = {
				LastUpgradeCheck = 0430;
				ORGANIZATIONNAME = Allmark;
			};
			buildConfigurationList = 23162A4E158C5A5C0080BE94 /* Build configuration list for PBXProject "Flictor" */;
			compatibilityVersion = "Xcode 3.2";
			developmentRegion = English;
			hasScannedForEncodings = 0;
			knownRegions = (
				en,
			);
			mainGroup = 23162A49158C5A5C0080BE94;
			productRefGroup = 23162A55158C5A5C0080BE94 /* Products */;
			projectDirPath = "";
			projectRoot = "";
			targets = (
				23162A53158C5A5C0080BE94 /* Flictor */,
			);
		};
/* End PBXProject section */

/* Begin PBXResourcesBuildPhase section */
		23162A52158C5A5C0080BE94 /* Resources */ = {
			isa = PBXResourcesBuildPhase;
			buildActionMask = 2147483647;
			files = (
				23162A63158C5A5C0080BE94 /* InfoPlist.strings in Resources */,
				23162A6C158C5A5C0080BE94 /* iPhone.storyboard in Resources */,
				23162A6F158C5A5C0080BE94 /* iPad.storyboard in Resources */,
				23162A87158C7F910080BE94 /* 28-star.png in Resources */,
				23162A89158C7FAC0080BE94 /* 29-heart.png in Resources */,
				23162A8B158C7FB60080BE94 /* 42-photos.png in Resources */,
			);
			runOnlyForDeploymentPostprocessing = 0;
		};
/* End PBXResourcesBuildPhase section */

/* Begin PBXSourcesBuildPhase section */
		23162A50158C5A5C0080BE94 /* Sources */ = {
			isa = PBXSourcesBuildPhase;
			buildActionMask = 2147483647;
			files = (
				23162A65158C5A5C0080BE94 /* main.m in Sources */,
				23162A69158C5A5C0080BE94 /* AppDelegate.m in Sources */,
				23162A7B158C5AD90080BE94 /* FlickrFetcher.m in Sources */,
				23162A7E158C5BAA0080BE94 /* FlictorTableViewController.m in Sources */,
				23162A92158C8A3E0080BE94 /* ImageTableViewController.m in Sources */,
				237777C4158CE1CF00B17A3A /* ImageViewController.m in Sources */,
			);
			runOnlyForDeploymentPostprocessing = 0;
		};
/* End PBXSourcesBuildPhase section */

/* Begin PBXVariantGroup section */
		23162A61158C5A5C0080BE94 /* InfoPlist.strings */ = {
			isa = PBXVariantGroup;
			children = (
				23162A62158C5A5C0080BE94 /* en */,
			);
			name = InfoPlist.strings;
			sourceTree = "<group>";
		};
		23162A6A158C5A5C0080BE94 /* iPhone.storyboard */ = {
			isa = PBXVariantGroup;
			children = (
				23162A6B158C5A5C0080BE94 /* en */,
			);
			name = iPhone.storyboard;
			sourceTree = "<group>";
		};
		23162A6D158C5A5C0080BE94 /* iPad.storyboard */ = {
			isa = PBXVariantGroup;
			children = (
				23162A6E158C5A5C0080BE94 /* en */,
			);
			name = iPad.storyboard;
			sourceTree = "<group>";
		};
/* End PBXVariantGroup section */

/* Begin XCBuildConfiguration section */
		23162A73158C5A5C0080BE94 /* Debug */ = {
			isa = XCBuildConfiguration;
			buildSettings = {
				ALWAYS_SEARCH_USER_PATHS = NO;
				ARCHS = "$(ARCHS_STANDARD_32_BIT)";
				CLANG_ENABLE_OBJC_ARC = YES;
				"CODE_SIGN_IDENTITY[sdk=iphoneos*]" = "iPhone Developer";
				COPY_PHASE_STRIP = NO;
				GCC_C_LANGUAGE_STANDARD = gnu99;
				GCC_DYNAMIC_NO_PIC = NO;
				GCC_OPTIMIZATION_LEVEL = 0;
				GCC_PREPROCESSOR_DEFINITIONS = (
					"DEBUG=1",
					"$(inherited)",
				);
				GCC_SYMBOLS_PRIVATE_EXTERN = NO;
				GCC_VERSION = com.apple.compilers.llvm.clang.1_0;
				GCC_WARN_ABOUT_RETURN_TYPE = YES;
				GCC_WARN_UNINITIALIZED_AUTOS = YES;
				GCC_WARN_UNUSED_VARIABLE = YES;
				IPHONEOS_DEPLOYMENT_TARGET = 5.1;
				SDKROOT = iphoneos;
				TARGETED_DEVICE_FAMILY = "1,2";
			};
			name = Debug;
		};
		23162A74158C5A5C0080BE94 /* Release */ = {
			isa = XCBuildConfiguration;
			buildSettings = {
				ALWAYS_SEARCH_USER_PATHS = NO;
				ARCHS = "$(ARCHS_STANDARD_32_BIT)";
				CLANG_ENABLE_OBJC_ARC = YES;
				"CODE_SIGN_IDENTITY[sdk=iphoneos*]" = "iPhone Developer";
				COPY_PHASE_STRIP = YES;
				GCC_C_LANGUAGE_STANDARD = gnu99;
				GCC_VERSION = com.apple.compilers.llvm.clang.1_0;
				GCC_WARN_ABOUT_RETURN_TYPE = YES;
				GCC_WARN_UNINITIALIZED_AUTOS = YES;
				GCC_WARN_UNUSED_VARIABLE = YES;
				IPHONEOS_DEPLOYMENT_TARGET = 5.1;
				OTHER_CFLAGS = "-DNS_BLOCK_ASSERTIONS=1";
				SDKROOT = iphoneos;
				TARGETED_DEVICE_FAMILY = "1,2";
				VALIDATE_PRODUCT = YES;
			};
			name = Release;
		};
		23162A76158C5A5C0080BE94 /* Debug */ = {
			isa = XCBuildConfiguration;
			buildSettings = {
				GCC_PRECOMPILE_PREFIX_HEADER = YES;
				GCC_PREFIX_HEADER = "Flictor/Flictor-Prefix.pch";
				INFOPLIST_FILE = "Flictor/Flictor-Info.plist";
				"OTHER_CODE_SIGN_FLAGS[sdk=*]" = "-gta";
				PRODUCT_NAME = "$(TARGET_NAME)";
				STRIPFLAGS = "-gta";
				WRAPPER_EXTENSION = app;
			};
			name = Debug;
		};
		23162A77158C5A5C0080BE94 /* Release */ = {
			isa = XCBuildConfiguration;
			buildSettings = {
				GCC_PRECOMPILE_PREFIX_HEADER = YES;
				GCC_PREFIX_HEADER = "Flictor/Flictor-Prefix.pch";
				INFOPLIST_FILE = "Flictor/Flictor-Info.plist";
				"OTHER_CODE_SIGN_FLAGS[sdk=*]" = "-gta";
				PRODUCT_NAME = "$(TARGET_NAME)";
				STRIPFLAGS = "-gta";
				WRAPPER_EXTENSION = app;
			};
			name = Release;
		};
/* End XCBuildConfiguration section */

/* Begin XCConfigurationList section */
		23162A4E158C5A5C0080BE94 /* Build configuration list for PBXProject "Flictor" */ = {
			isa = XCConfigurationList;
			buildConfigurations = (
				23162A73158C5A5C0080BE94 /* Debug */,
				23162A74158C5A5C0080BE94 /* Release */,
			);
			defaultConfigurationIsVisible = 0;
			defaultConfigurationName = Release;
		};
		23162A75158C5A5C0080BE94 /* Build configuration list for PBXNativeTarget "Flictor" */ = {
			isa = XCConfigurationList;
			buildConfigurations = (
				23162A76158C5A5C0080BE94 /* Debug */,
				23162A77158C5A5C0080BE94 /* Release */,
			);
			defaultConfigurationIsVisible = 0;
			defaultConfigurationName = Release;
		};
/* End XCConfigurationList section */
	};
	rootObject = 23162A4B158C5A5C0080BE94 /* Project object */;
}
