// !$*UTF8*$!
{
	archiveVersion = 1;
	classes = {
	};
	objectVersion = 46;
	objects = {

/* Begin PBXBuildFile section */
		2361D1011588098700AC707A /* Storyboard_iPad.storyboard in Resources */ = {isa = PBXBuildFile; fileRef = 2361D1001588098700AC707A /* Storyboard_iPad.storyboard */; };
		2361D10415880D8800AC707A /* GraphViewController.m in Sources */ = {isa = PBXBuildFile; fileRef = 2361D10315880D8800AC707A /* GraphViewController.m */; };
		2361D10B15880E7F00AC707A /* GraphView.m in Sources */ = {isa = PBXBuildFile; fileRef = 2361D10A15880E7F00AC707A /* GraphView.m */; };
		2361D111158810B100AC707A /* AxesDrawer.m in Sources */ = {isa = PBXBuildFile; fileRef = 2361D110158810B100AC707A /* AxesDrawer.m */; };
		239E7D27157D74090089784D /* UIKit.framework in Frameworks */ = {isa = PBXBuildFile; fileRef = 239E7D26157D74090089784D /* UIKit.framework */; };
		239E7D29157D74090089784D /* Foundation.framework in Frameworks */ = {isa = PBXBuildFile; fileRef = 239E7D28157D74090089784D /* Foundation.framework */; };
		239E7D2B157D74090089784D /* CoreGraphics.framework in Frameworks */ = {isa = PBXBuildFile; fileRef = 239E7D2A157D74090089784D /* CoreGraphics.framework */; };
		239E7D31157D74090089784D /* InfoPlist.strings in Resources */ = {isa = PBXBuildFile; fileRef = 239E7D2F157D74090089784D /* InfoPlist.strings */; };
		239E7D33157D74090089784D /* main.m in Sources */ = {isa = PBXBuildFile; fileRef = 239E7D32157D74090089784D /* main.m */; };
		239E7D37157D74090089784D /* CalculatorAppDelegate.m in Sources */ = {isa = PBXBuildFile; fileRef = 239E7D36157D74090089784D /* CalculatorAppDelegate.m */; };
		239E7D3A157D74090089784D /* MainStoryboard.storyboard in Resources */ = {isa = PBXBuildFile; fileRef = 239E7D38157D74090089784D /* MainStoryboard.storyboard */; };
		239E7D3D157D74090089784D /* CalculatorViewController.m in Sources */ = {isa = PBXBuildFile; fileRef = 239E7D3C157D74090089784D /* CalculatorViewController.m */; };
		23ABB2D4157E285F0024D4B1 /* CalculatorBrain.m in Sources */ = {isa = PBXBuildFile; fileRef = 23ABB2D3157E285F0024D4B1 /* CalculatorBrain.m */; };
/* End PBXBuildFile section */

/* Begin PBXFileReference section */
		2361D1001588098700AC707A /* Storyboard_iPad.storyboard */ = {isa = PBXFileReference; fileEncoding = 4; lastKnownFileType = file.storyboard; path = Storyboard_iPad.storyboard; sourceTree = "<group>"; };
		2361D10215880D8800AC707A /* GraphViewController.h */ = {isa = PBXFileReference; fileEncoding = 4; lastKnownFileType = sourcecode.c.h; path = GraphViewController.h; sourceTree = "<group>"; };
		2361D10315880D8800AC707A /* GraphViewController.m */ = {isa = PBXFileReference; fileEncoding = 4; lastKnownFileType = sourcecode.c.objc; path = GraphViewController.m; sourceTree = "<group>"; };
		2361D10915880E7F00AC707A /* GraphView.h */ = {isa = PBXFileReference; fileEncoding = 4; lastKnownFileType = sourcecode.c.h; path = GraphView.h; sourceTree = "<group>"; };
		2361D10A15880E7F00AC707A /* GraphView.m */ = {isa = PBXFileReference; fileEncoding = 4; lastKnownFileType = sourcecode.c.objc; path = GraphView.m; sourceTree = "<group>"; };
		2361D10F158810B100AC707A /* AxesDrawer.h */ = {isa = PBXFileReference; fileEncoding = 4; lastKnownFileType = sourcecode.c.h; path = AxesDrawer.h; sourceTree = "<group>"; };
		2361D110158810B100AC707A /* AxesDrawer.m */ = {isa = PBXFileReference; fileEncoding = 4; lastKnownFileType = sourcecode.c.objc; path = AxesDrawer.m; sourceTree = "<group>"; };
		239E7D22157D74090089784D /* Calculator.app */ = {isa = PBXFileReference; explicitFileType = wrapper.application; includeInIndex = 0; path = Calculator.app; sourceTree = BUILT_PRODUCTS_DIR; };
		239E7D26157D74090089784D /* UIKit.framework */ = {isa = PBXFileReference; lastKnownFileType = wrapper.framework; name = UIKit.framework; path = System/Library/Frameworks/UIKit.framework; sourceTree = SDKROOT; };
		239E7D28157D74090089784D /* Foundation.framework */ = {isa = PBXFileReference; lastKnownFileType = wrapper.framework; name = Foundation.framework; path = System/Library/Frameworks/Foundation.framework; sourceTree = SDKROOT; };
		239E7D2A157D74090089784D /* CoreGraphics.framework */ = {isa = PBXFileReference; lastKnownFileType = wrapper.framework; name = CoreGraphics.framework; path = System/Library/Frameworks/CoreGraphics.framework; sourceTree = SDKROOT; };
		239E7D2E157D74090089784D /* Calculator-Info.plist */ = {isa = PBXFileReference; lastKnownFileType = text.plist.xml; path = "Calculator-Info.plist"; sourceTree = "<group>"; };
		239E7D30157D74090089784D /* en */ = {isa = PBXFileReference; lastKnownFileType = text.plist.strings; name = en; path = en.lproj/InfoPlist.strings; sourceTree = "<group>"; };
		239E7D32157D74090089784D /* main.m */ = {isa = PBXFileReference; lastKnownFileType = sourcecode.c.objc; path = main.m; sourceTree = "<group>"; };
		239E7D34157D74090089784D /* Calculator-Prefix.pch */ = {isa = PBXFileReference; lastKnownFileType = sourcecode.c.h; path = "Calculator-Prefix.pch"; sourceTree = "<group>"; };
		239E7D35157D74090089784D /* CalculatorAppDelegate.h */ = {isa = PBXFileReference; lastKnownFileType = sourcecode.c.h; path = CalculatorAppDelegate.h; sourceTree = "<group>"; };
		239E7D36157D74090089784D /* CalculatorAppDelegate.m */ = {isa = PBXFileReference; lastKnownFileType = sourcecode.c.objc; path = CalculatorAppDelegate.m; sourceTree = "<group>"; };
		239E7D39157D74090089784D /* en */ = {isa = PBXFileReference; lastKnownFileType = file.storyboard; name = en; path = en.lproj/MainStoryboard.storyboard; sourceTree = "<group>"; };
		239E7D3B157D74090089784D /* CalculatorViewController.h */ = {isa = PBXFileReference; lastKnownFileType = sourcecode.c.h; path = CalculatorViewController.h; sourceTree = "<group>"; };
		239E7D3C157D74090089784D /* CalculatorViewController.m */ = {isa = PBXFileReference; lastKnownFileType = sourcecode.c.objc; path = CalculatorViewController.m; sourceTree = "<group>"; };
		23ABB2D2157E285F0024D4B1 /* CalculatorBrain.h */ = {isa = PBXFileReference; fileEncoding = 4; lastKnownFileType = sourcecode.c.h; path = CalculatorBrain.h; sourceTree = "<group>"; };
		23ABB2D3157E285F0024D4B1 /* CalculatorBrain.m */ = {isa = PBXFileReference; fileEncoding = 4; lastKnownFileType = sourcecode.c.objc; path = CalculatorBrain.m; sourceTree = "<group>"; };
/* End PBXFileReference section */

/* Begin PBXFrameworksBuildPhase section */
		239E7D1F157D74090089784D /* Frameworks */ = {
			isa = PBXFrameworksBuildPhase;
			buildActionMask = 2147483647;
			files = (
				239E7D27157D74090089784D /* UIKit.framework in Frameworks */,
				239E7D29157D74090089784D /* Foundation.framework in Frameworks */,
				239E7D2B157D74090089784D /* CoreGraphics.framework in Frameworks */,
			);
			runOnlyForDeploymentPostprocessing = 0;
		};
/* End PBXFrameworksBuildPhase section */

/* Begin PBXGroup section */
		239E7D17157D74090089784D = {
			isa = PBXGroup;
			children = (
				239E7D2C157D74090089784D /* Calculator */,
				239E7D25157D74090089784D /* Frameworks */,
				239E7D23157D74090089784D /* Products */,
			);
			sourceTree = "<group>";
		};
		239E7D23157D74090089784D /* Products */ = {
			isa = PBXGroup;
			children = (
				239E7D22157D74090089784D /* Calculator.app */,
			);
			name = Products;
			sourceTree = "<group>";
		};
		239E7D25157D74090089784D /* Frameworks */ = {
			isa = PBXGroup;
			children = (
				239E7D26157D74090089784D /* UIKit.framework */,
				239E7D28157D74090089784D /* Foundation.framework */,
				239E7D2A157D74090089784D /* CoreGraphics.framework */,
			);
			name = Frameworks;
			sourceTree = "<group>";
		};
		239E7D2C157D74090089784D /* Calculator */ = {
			isa = PBXGroup;
			children = (
				239E7D35157D74090089784D /* CalculatorAppDelegate.h */,
				239E7D36157D74090089784D /* CalculatorAppDelegate.m */,
				239E7D38157D74090089784D /* MainStoryboard.storyboard */,
				2361D10F158810B100AC707A /* AxesDrawer.h */,
				2361D110158810B100AC707A /* AxesDrawer.m */,
				23ABB2D2157E285F0024D4B1 /* CalculatorBrain.h */,
				23ABB2D3157E285F0024D4B1 /* CalculatorBrain.m */,
				239E7D3B157D74090089784D /* CalculatorViewController.h */,
				239E7D3C157D74090089784D /* CalculatorViewController.m */,
				239E7D2D157D74090089784D /* Supporting Files */,
				2361D1001588098700AC707A /* Storyboard_iPad.storyboard */,
				2361D10215880D8800AC707A /* GraphViewController.h */,
				2361D10315880D8800AC707A /* GraphViewController.m */,
				2361D10915880E7F00AC707A /* GraphView.h */,
				2361D10A15880E7F00AC707A /* GraphView.m */,
			);
			path = Calculator;
			sourceTree = "<group>";
		};
		239E7D2D157D74090089784D /* Supporting Files */ = {
			isa = PBXGroup;
			children = (
				239E7D2E157D74090089784D /* Calculator-Info.plist */,
				239E7D2F157D74090089784D /* InfoPlist.strings */,
				239E7D32157D74090089784D /* main.m */,
				239E7D34157D74090089784D /* Calculator-Prefix.pch */,
			);
			name = "Supporting Files";
			sourceTree = "<group>";
		};
/* End PBXGroup section */

/* Begin PBXNativeTarget section */
		239E7D21157D74090089784D /* Calculator */ = {
			isa = PBXNativeTarget;
			buildConfigurationList = 239E7D40157D74090089784D /* Build configuration list for PBXNativeTarget "Calculator" */;
			buildPhases = (
				239E7D1E157D74090089784D /* Sources */,
				239E7D1F157D74090089784D /* Frameworks */,
				239E7D20157D74090089784D /* Resources */,
			);
			buildRules = (
			);
			dependencies = (
			);
			name = Calculator;
			productName = Calculator;
			productReference = 239E7D22157D74090089784D /* Calculator.app */;
			productType = "com.apple.product-type.application";
		};
/* End PBXNativeTarget section */

/* Begin PBXProject section */
		239E7D19157D74090089784D /* Project object */ = {
			isa = PBXProject;
			attributes = {
				CLASSPREFIX = Calculator;
				LastUpgradeCheck = 0430;
				ORGANIZATIONNAME = CyberSecure;
			};
			buildConfigurationList = 239E7D1C157D74090089784D /* Build configuration list for PBXProject "Calculator" */;
			compatibilityVersion = "Xcode 3.2";
			developmentRegion = English;
			hasScannedForEncodings = 0;
			knownRegions = (
				en,
			);
			mainGroup = 239E7D17157D74090089784D;
			productRefGroup = 239E7D23157D74090089784D /* Products */;
			projectDirPath = "";
			projectRoot = "";
			targets = (
				239E7D21157D74090089784D /* Calculator */,
			);
		};
/* End PBXProject section */

/* Begin PBXResourcesBuildPhase section */
		239E7D20157D74090089784D /* Resources */ = {
			isa = PBXResourcesBuildPhase;
			buildActionMask = 2147483647;
			files = (
				239E7D31157D74090089784D /* InfoPlist.strings in Resources */,
				239E7D3A157D74090089784D /* MainStoryboard.storyboard in Resources */,
				2361D1011588098700AC707A /* Storyboard_iPad.storyboard in Resources */,
			);
			runOnlyForDeploymentPostprocessing = 0;
		};
/* End PBXResourcesBuildPhase section */

/* Begin PBXSourcesBuildPhase section */
		239E7D1E157D74090089784D /* Sources */ = {
			isa = PBXSourcesBuildPhase;
			buildActionMask = 2147483647;
			files = (
				239E7D33157D74090089784D /* main.m in Sources */,
				239E7D37157D74090089784D /* CalculatorAppDelegate.m in Sources */,
				239E7D3D157D74090089784D /* CalculatorViewController.m in Sources */,
				23ABB2D4157E285F0024D4B1 /* CalculatorBrain.m in Sources */,
				2361D10415880D8800AC707A /* GraphViewController.m in Sources */,
				2361D10B15880E7F00AC707A /* GraphView.m in Sources */,
				2361D111158810B100AC707A /* AxesDrawer.m in Sources */,
			);
			runOnlyForDeploymentPostprocessing = 0;
		};
/* End PBXSourcesBuildPhase section */

/* Begin PBXVariantGroup section */
		239E7D2F157D74090089784D /* InfoPlist.strings */ = {
			isa = PBXVariantGroup;
			children = (
				239E7D30157D74090089784D /* en */,
			);
			name = InfoPlist.strings;
			sourceTree = "<group>";
		};
		239E7D38157D74090089784D /* MainStoryboard.storyboard */ = {
			isa = PBXVariantGroup;
			children = (
				239E7D39157D74090089784D /* en */,
			);
			name = MainStoryboard.storyboard;
			sourceTree = "<group>";
		};
/* End PBXVariantGroup section */

/* Begin XCBuildConfiguration section */
		239E7D3E157D74090089784D /* Debug */ = {
			isa = XCBuildConfiguration;
			buildSettings = {
				ALWAYS_SEARCH_USER_PATHS = NO;
				ARCHS = "$(ARCHS_STANDARD_32_BIT)";
				CLANG_ENABLE_OBJC_ARC = YES;
				"CODE_SIGN_IDENTITY[sdk=iphoneos*]" = "iPhone Developer";
				COPY_PHASE_STRIP = NO;
				GCC_C_LANGUAGE_STANDARD = gnu99;
				GCC_DYNAMIC_NO_PIC = NO;
				GCC_OPTIMIZATION_LEVEL = 0;
				GCC_PREPROCESSOR_DEFINITIONS = (
					"DEBUG=1",
					"$(inherited)",
				);
				GCC_SYMBOLS_PRIVATE_EXTERN = NO;
				GCC_VERSION = com.apple.compilers.llvm.clang.1_0;
				GCC_WARN_ABOUT_RETURN_TYPE = YES;
				GCC_WARN_UNINITIALIZED_AUTOS = YES;
				GCC_WARN_UNUSED_VARIABLE = YES;
				IPHONEOS_DEPLOYMENT_TARGET = 5.1;
				SDKROOT = iphoneos;
			};
			name = Debug;
		};
		239E7D3F157D74090089784D /* Release */ = {
			isa = XCBuildConfiguration;
			buildSettings = {
				ALWAYS_SEARCH_USER_PATHS = NO;
				ARCHS = "$(ARCHS_STANDARD_32_BIT)";
				CLANG_ENABLE_OBJC_ARC = YES;
				"CODE_SIGN_IDENTITY[sdk=iphoneos*]" = "iPhone Developer";
				COPY_PHASE_STRIP = YES;
				GCC_C_LANGUAGE_STANDARD = gnu99;
				GCC_VERSION = com.apple.compilers.llvm.clang.1_0;
				GCC_WARN_ABOUT_RETURN_TYPE = YES;
				GCC_WARN_UNINITIALIZED_AUTOS = YES;
				GCC_WARN_UNUSED_VARIABLE = YES;
				IPHONEOS_DEPLOYMENT_TARGET = 5.1;
				OTHER_CFLAGS = "-DNS_BLOCK_ASSERTIONS=1";
				SDKROOT = iphoneos;
				VALIDATE_PRODUCT = YES;
			};
			name = Release;
		};
		239E7D41157D74090089784D /* Debug */ = {
			isa = XCBuildConfiguration;
			buildSettings = {
				GCC_PRECOMPILE_PREFIX_HEADER = YES;
				GCC_PREFIX_HEADER = "Calculator/Calculator-Prefix.pch";
				INFOPLIST_FILE = "Calculator/Calculator-Info.plist";
				IPHONEOS_DEPLOYMENT_TARGET = 5.1;
				PRODUCT_NAME = "$(TARGET_NAME)";
				TARGETED_DEVICE_FAMILY = "1,2";
				WRAPPER_EXTENSION = app;
			};
			name = Debug;
		};
		239E7D42157D74090089784D /* Release */ = {
			isa = XCBuildConfiguration;
			buildSettings = {
				GCC_PRECOMPILE_PREFIX_HEADER = YES;
				GCC_PREFIX_HEADER = "Calculator/Calculator-Prefix.pch";
				INFOPLIST_FILE = "Calculator/Calculator-Info.plist";
				IPHONEOS_DEPLOYMENT_TARGET = 5.1;
				PRODUCT_NAME = "$(TARGET_NAME)";
				TARGETED_DEVICE_FAMILY = "1,2";
				WRAPPER_EXTENSION = app;
			};
			name = Release;
		};
/* End XCBuildConfiguration section */

/* Begin XCConfigurationList section */
		239E7D1C157D74090089784D /* Build configuration list for PBXProject "Calculator" */ = {
			isa = XCConfigurationList;
			buildConfigurations = (
				239E7D3E157D74090089784D /* Debug */,
				239E7D3F157D74090089784D /* Release */,
			);
			defaultConfigurationIsVisible = 0;
			defaultConfigurationName = Release;
		};
		239E7D40157D74090089784D /* Build configuration list for PBXNativeTarget "Calculator" */ = {
			isa = XCConfigurationList;
			buildConfigurations = (
				239E7D41157D74090089784D /* Debug */,
				239E7D42157D74090089784D /* Release */,
			);
			defaultConfigurationIsVisible = 0;
			defaultConfigurationName = Release;
		};
/* End XCConfigurationList section */
	};
	rootObject = 239E7D19157D74090089784D /* Project object */;
}
